
Microsoft Visual Studio Solution File, Format Version 12.00
# Visual Studio Version 17
VisualStudioVersion = 17.0.31903.59
MinimumVisualStudioVersion = 10.0.40219.1
Project("{FAE04EC0-301F-11D3-BF4B-00C04F79EFBC}") = "Mustrello.API", "Mustrello.API\Mustrello.API.csproj", "{D05AB9AC-A4D6-468E-98EE-F44C13BA3064}"
EndProject
Project("{FAE04EC0-301F-11D3-BF4B-00C04F79EFBC}") = "Mustrello.Core", "Mustrello.Core\Mustrello.Core.csproj", "{9FB6B9D3-3DE3-40CA-9A4D-B64E7FF441A9}"
EndProject
Project("{FAE04EC0-301F-11D3-BF4B-00C04F79EFBC}") = "Mustrello.Infrastructure", "Mustrello.Infrastructure\Mustrello.Infrastructure.csproj", "{2CFEF77D-D1C0-492E-92AB-F07D067829DD}"
EndProject
Global
	GlobalSection(SolutionConfigurationPlatforms) = preSolution
		Debug|Any CPU = Debug|Any CPU
		Debug|x64 = Debug|x64
		Debug|x86 = Debug|x86
		Release|Any CPU = Release|Any CPU
		Release|x64 = Release|x64
		Release|x86 = Release|x86
	EndGlobalSection
	GlobalSection(ProjectConfigurationPlatforms) = postSolution
		{D05AB9AC-A4D6-468E-98EE-F44C13BA3064}.Debug|Any CPU.ActiveCfg = Debug|Any CPU
		{D05AB9AC-A4D6-468E-98EE-F44C13BA3064}.Debug|Any CPU.Build.0 = Debug|Any CPU
		{D05AB9AC-A4D6-468E-98EE-F44C13BA3064}.Debug|x64.ActiveCfg = Debug|Any CPU
		{D05AB9AC-A4D6-468E-98EE-F44C13BA3064}.Debug|x64.Build.0 = Debug|Any CPU
		{D05AB9AC-A4D6-468E-98EE-F44C13BA3064}.Debug|x86.ActiveCfg = Debug|Any CPU
		{D05AB9AC-A4D6-468E-98EE-F44C13BA3064}.Debug|x86.Build.0 = Debug|Any CPU
		{D05AB9AC-A4D6-468E-98EE-F44C13BA3064}.Release|Any CPU.ActiveCfg = Release|Any CPU
		{D05AB9AC-A4D6-468E-98EE-F44C13BA3064}.Release|Any CPU.Build.0 = Release|Any CPU
		{D05AB9AC-A4D6-468E-98EE-F44C13BA3064}.Release|x64.ActiveCfg = Release|Any CPU
		{D05AB9AC-A4D6-468E-98EE-F44C13BA3064}.Release|x64.Build.0 = Release|Any CPU
		{D05AB9AC-A4D6-468E-98EE-F44C13BA3064}.Release|x86.ActiveCfg = Release|Any CPU
		{D05AB9AC-A4D6-468E-98EE-F44C13BA3064}.Release|x86.Build.0 = Release|Any CPU
		{9FB6B9D3-3DE3-40CA-9A4D-B64E7FF441A9}.Debug|Any CPU.ActiveCfg = Debug|Any CPU
		{9FB6B9D3-3DE3-40CA-9A4D-B64E7FF441A9}.Debug|Any CPU.Build.0 = Debug|Any CPU
		{9FB6B9D3-3DE3-40CA-9A4D-B64E7FF441A9}.Debug|x64.ActiveCfg = Debug|Any CPU
		{9FB6B9D3-3DE3-40CA-9A4D-B64E7FF441A9}.Debug|x64.Build.0 = Debug|Any CPU
		{9FB6B9D3-3DE3-40CA-9A4D-B64E7FF441A9}.Debug|x86.ActiveCfg = Debug|Any CPU
		{9FB6B9D3-3DE3-40CA-9A4D-B64E7FF441A9}.Debug|x86.Build.0 = Debug|Any CPU
		{9FB6B9D3-3DE3-40CA-9A4D-B64E7FF441A9}.Release|Any CPU.ActiveCfg = Release|Any CPU
		{9FB6B9D3-3DE3-40CA-9A4D-B64E7FF441A9}.Release|Any CPU.Build.0 = Release|Any CPU
		{9FB6B9D3-3DE3-40CA-9A4D-B64E7FF441A9}.Release|x64.ActiveCfg = Release|Any CPU
		{9FB6B9D3-3DE3-40CA-9A4D-B64E7FF441A9}.Release|x64.Build.0 = Release|Any CPU
		{9FB6B9D3-3DE3-40CA-9A4D-B64E7FF441A9}.Release|x86.ActiveCfg = Release|Any CPU
		{9FB6B9D3-3DE3-40CA-9A4D-B64E7FF441A9}.Release|x86.Build.0 = Release|Any CPU
		{2CFEF77D-D1C0-492E-92AB-F07D067829DD}.Debug|Any CPU.ActiveCfg = Debug|Any CPU
		{2CFEF77D-D1C0-492E-92AB-F07D067829DD}.Debug|Any CPU.Build.0 = Debug|Any CPU
		{2CFEF77D-D1C0-492E-92AB-F07D067829DD}.Debug|x64.ActiveCfg = Debug|Any CPU
		{2CFEF77D-D1C0-492E-92AB-F07D067829DD}.Debug|x64.Build.0 = Debug|Any CPU
		{2CFEF77D-D1C0-492E-92AB-F07D067829DD}.Debug|x86.ActiveCfg = Debug|Any CPU
		{2CFEF77D-D1C0-492E-92AB-F07D067829DD}.Debug|x86.Build.0 = Debug|Any CPU
		{2CFEF77D-D1C0-492E-92AB-F07D067829DD}.Release|Any CPU.ActiveCfg = Release|Any CPU
		{2CFEF77D-D1C0-492E-92AB-F07D067829DD}.Release|Any CPU.Build.0 = Release|Any CPU
		{2CFEF77D-D1C0-492E-92AB-F07D067829DD}.Release|x64.ActiveCfg = Release|Any CPU
		{2CFEF77D-D1C0-492E-92AB-F07D067829DD}.Release|x64.Build.0 = Release|Any CPU
		{2CFEF77D-D1C0-492E-92AB-F07D067829DD}.Release|x86.ActiveCfg = Release|Any CPU
		{2CFEF77D-D1C0-492E-92AB-F07D067829DD}.Release|x86.Build.0 = Release|Any CPU
	EndGlobalSection
	GlobalSection(SolutionProperties) = preSolution
		HideSolutionNode = FALSE
	EndGlobalSection
EndGlobal
